
Microsoft Visual Studio Solution File, Format Version 12.00
# Visual Studio Version 17
VisualStudioVersion = 17.14.37502.11 d17.14
MinimumVisualStudioVersion = 10.0.40219.1
Project("{FAE04EC0-301F-11D3-BF4B-00C04F79EFBC}") = "Homeworkday1", "Homeworkday1.csproj", "{1F73D536-23AA-443E-8912-C0ED22DB639A}"
EndProject
Global
	GlobalSection(SolutionConfigurationPlatforms) = preSolution
		Debug|Any CPU = Debug|Any CPU
		Release|Any CPU = Release|Any CPU
	EndGlobalSection
	GlobalSection(ProjectConfigurationPlatforms) = postSolution
		{1F73D536-23AA-443E-8912-C0ED22DB639A}.Debug|Any CPU.ActiveCfg = Debug|Any CPU
		{1F73D536-23AA-443E-8912-C0ED22DB639A}.Debug|Any CPU.Build.0 = Debug|Any CPU
		{1F73D536-23AA-443E-8912-C0ED22DB639A}.Release|Any CPU.ActiveCfg = Release|Any CPU
		{1F73D536-23AA-443E-8912-C0ED22DB639A}.Release|Any CPU.Build.0 = Release|Any CPU
	EndGlobalSection
	GlobalSection(SolutionProperties) = preSolution
		HideSolutionNode = FALSE
	EndGlobalSection
	GlobalSection(ExtensibilityGlobals) = postSolution
		SolutionGuid = {17E24F5E-C722-40B7-8CFB-9E4C79620B93}
	EndGlobalSection
EndGlobal
