
Microsoft Visual Studio Solution File, Format Version 12.00
# Visual Studio Version 17
VisualStudioVersion = 17.14.37502.11 d17.14
MinimumVisualStudioVersion = 10.0.40219.1
Project("{FAE04EC0-301F-11D3-BF4B-00C04F79EFBC}") = "Homeworkday5", "Homeworkday5.csproj", "{9E0C0EAA-0E6A-40C6-AA9D-A9FD6F3F7830}"
EndProject
Global
	GlobalSection(SolutionConfigurationPlatforms) = preSolution
		Debug|Any CPU = Debug|Any CPU
		Release|Any CPU = Release|Any CPU
	EndGlobalSection
	GlobalSection(ProjectConfigurationPlatforms) = postSolution
		{9E0C0EAA-0E6A-40C6-AA9D-A9FD6F3F7830}.Debug|Any CPU.ActiveCfg = Debug|Any CPU
		{9E0C0EAA-0E6A-40C6-AA9D-A9FD6F3F7830}.Debug|Any CPU.Build.0 = Debug|Any CPU
		{9E0C0EAA-0E6A-40C6-AA9D-A9FD6F3F7830}.Release|Any CPU.ActiveCfg = Release|Any CPU
		{9E0C0EAA-0E6A-40C6-AA9D-A9FD6F3F7830}.Release|Any CPU.Build.0 = Release|Any CPU
	EndGlobalSection
	GlobalSection(SolutionProperties) = preSolution
		HideSolutionNode = FALSE
	EndGlobalSection
	GlobalSection(ExtensibilityGlobals) = postSolution
		SolutionGuid = {F3124942-62FA-4A67-83D8-2B15A051B354}
	EndGlobalSection
EndGlobal
