
Microsoft Visual Studio Solution File, Format Version 12.00
# Visual Studio Version 17
VisualStudioVersion = 17.14.37502.11 d17.14
MinimumVisualStudioVersion = 10.0.40219.1
Project("{FAE04EC0-301F-11D3-BF4B-00C04F79EFBC}") = "Homeworkday6", "Homeworkday6.csproj", "{283C123F-7708-4C9A-B81F-80D25B56254E}"
EndProject
Global
	GlobalSection(SolutionConfigurationPlatforms) = preSolution
		Debug|Any CPU = Debug|Any CPU
		Release|Any CPU = Release|Any CPU
	EndGlobalSection
	GlobalSection(ProjectConfigurationPlatforms) = postSolution
		{283C123F-7708-4C9A-B81F-80D25B56254E}.Debug|Any CPU.ActiveCfg = Debug|Any CPU
		{283C123F-7708-4C9A-B81F-80D25B56254E}.Debug|Any CPU.Build.0 = Debug|Any CPU
		{283C123F-7708-4C9A-B81F-80D25B56254E}.Release|Any CPU.ActiveCfg = Release|Any CPU
		{283C123F-7708-4C9A-B81F-80D25B56254E}.Release|Any CPU.Build.0 = Release|Any CPU
	EndGlobalSection
	GlobalSection(SolutionProperties) = preSolution
		HideSolutionNode = FALSE
	EndGlobalSection
	GlobalSection(ExtensibilityGlobals) = postSolution
		SolutionGuid = {DE643000-6B40-4448-83BF-85FC982C4352}
	EndGlobalSection
EndGlobal
